
Microsoft Visual Studio Solution File, Format Version 12.00
# Visual Studio Version 17
VisualStudioVersion = 17.2.32516.85
MinimumVisualStudioVersion = 10.0.40219.1
Project("{FAE04EC0-301F-11D3-BF4B-00C04F79EFBC}") = "RandomMatrix", "RandomMatrix.csproj", "{2B20669F-4EBD-4ADD-ACF9-AB790DBA5BAC}"
EndProject
Project("{FAE04EC0-301F-11D3-BF4B-00C04F79EFBC}") = "SmallestElement", "SmallestElement\ConsoleApp1\SmallestElement.csproj", "{46EADD5B-517C-49C9-BBDF-D9D49AD849D3}"
EndProject
Project("{FAE04EC0-301F-11D3-BF4B-00C04F79EFBC}") = "GuessNumber", "GuessNumber\GuessNumber\GuessNumber.csproj", "{8DFE9138-309B-4868-BEDA-4D16B6D91622}"
EndProject
Global
	GlobalSection(SolutionConfigurationPlatforms) = preSolution
		Debug|Any CPU = Debug|Any CPU
		Release|Any CPU = Release|Any CPU
	EndGlobalSection
	GlobalSection(ProjectConfigurationPlatforms) = postSolution
		{2B20669F-4EBD-4ADD-ACF9-AB790DBA5BAC}.Debug|Any CPU.ActiveCfg = Debug|Any CPU
		{2B20669F-4EBD-4ADD-ACF9-AB790DBA5BAC}.Debug|Any CPU.Build.0 = Debug|Any CPU
		{2B20669F-4EBD-4ADD-ACF9-AB790DBA5BAC}.Release|Any CPU.ActiveCfg = Release|Any CPU
		{2B20669F-4EBD-4ADD-ACF9-AB790DBA5BAC}.Release|Any CPU.Build.0 = Release|Any CPU
		{46EADD5B-517C-49C9-BBDF-D9D49AD849D3}.Debug|Any CPU.ActiveCfg = Debug|Any CPU
		{46EADD5B-517C-49C9-BBDF-D9D49AD849D3}.Debug|Any CPU.Build.0 = Debug|Any CPU
		{46EADD5B-517C-49C9-BBDF-D9D49AD849D3}.Release|Any CPU.ActiveCfg = Release|Any CPU
		{46EADD5B-517C-49C9-BBDF-D9D49AD849D3}.Release|Any CPU.Build.0 = Release|Any CPU
		{8DFE9138-309B-4868-BEDA-4D16B6D91622}.Debug|Any CPU.ActiveCfg = Debug|Any CPU
		{8DFE9138-309B-4868-BEDA-4D16B6D91622}.Debug|Any CPU.Build.0 = Debug|Any CPU
		{8DFE9138-309B-4868-BEDA-4D16B6D91622}.Release|Any CPU.ActiveCfg = Release|Any CPU
		{8DFE9138-309B-4868-BEDA-4D16B6D91622}.Release|Any CPU.Build.0 = Release|Any CPU
	EndGlobalSection
	GlobalSection(SolutionProperties) = preSolution
		HideSolutionNode = FALSE
	EndGlobalSection
	GlobalSection(ExtensibilityGlobals) = postSolution
		SolutionGuid = {09F885EF-63D5-4977-8081-ACFA28B0DCFE}
	EndGlobalSection
EndGlobal
